{
    "_readme": [
        "This file locks the dependencies of your project to a known state",
        "Read more about it at https://getcomposer.org/doc/01-basic-usage.md#installing-dependencies",
        "This file is @generated automatically"
    ],
    "content-hash": "427f4942fcee749429f359026818871c",
    "packages": [
        {
            "name": "firehed/cbor",
            "version": "dev-master",
            "source": {
                "type": "git",
                "url": "https://github.com/Firehed/cbor-php.git",
                "reference": "eef67b1b5fdf90a3688fc8d9d13afdaf342c4b80"
            },
            "dist": {
                "type": "zip",
                "url": "https://api.github.com/repos/Firehed/cbor-php/zipball/eef67b1b5fdf90a3688fc8d9d13afdaf342c4b80",
                "reference": "eef67b1b5fdf90a3688fc8d9d13afdaf342c4b80",
                "shasum": ""
            },
            "require-dev": {
                "phpunit/phpunit": "^8.1"
            },
            "suggest": {
                "ext-bcmath": "Enables parsing of very large values"
            },
            "type": "library",
            "autoload": {
                "psr-4": {
                    "Firehed\\CBOR\\": "src/"
                }
            },
            "notification-url": "https://packagist.org/downloads/",
            "license": [
                "MIT"
            ],
            "authors": [
                {
                    "name": "Eric Stern",
                    "email": "eric@ericstern.com"
                }
            ],
            "description": "CBOR decoder",
            "homepage": "https://github.com/Firehed/CBOR",
            "keywords": [
                "cbor"
            ],
            "time": "2019-05-14T06:31:13+00:00"
        },
        {
            "name": "firehed/common",
            "version": "1.0.5",
            "source": {
                "type": "git",
                "url": "https://github.com/Firehed/common.git",
                "reference": "f8232076d6c047bc77ed6912412ea50724630198"
            },
            "dist": {
                "type": "zip",
                "url": "https://api.github.com/repos/Firehed/common/zipball/f8232076d6c047bc77ed6912412ea50724630198",
                "reference": "f8232076d6c047bc77ed6912412ea50724630198",
                "shasum": ""
            },
            "require-dev": {
                "paragonie/random_compat": "^2.0",
                "phpunit/phpunit": "^6 || ^7"
            },
            "type": "library",
            "autoload": {
                "psr-4": {
                    "Firehed\\Common\\": [
                        "src/",
                        "tests/"
                    ]
                }
            },
            "notification-url": "https://packagist.org/downloads/",
            "license": [
                "MIT"
            ],
            "authors": [
                {
                    "name": "Eric Stern",
                    "email": "eric@ericstern.com"
                }
            ],
            "description": "Common PHP tools",
            "time": "2018-05-03T17:32:26+00:00"
        },
        {
            "name": "firehed/jwt",
            "version": "2.0.2",
            "source": {
                "type": "git",
                "url": "https://github.com/Firehed/jwt.git",
                "reference": "65f689b875916fc71487c9e11bc0be9c7b182d7a"
            },
            "dist": {
                "type": "zip",
                "url": "https://api.github.com/repos/Firehed/jwt/zipball/65f689b875916fc71487c9e11bc0be9c7b182d7a",
                "reference": "65f689b875916fc71487c9e11bc0be9c7b182d7a",
                "shasum": ""
            },
            "require": {
                "firehed/common": "^1.0",
                "firehed/security": "^1.0",
                "php": ">=7.0"
            },
            "require-dev": {
                "phpstan/phpstan": "^0.11.2",
                "phpstan/phpstan-phpunit": "^0.11.0",
                "phpstan/phpstan-strict-rules": "^0.11.0",
                "phpunit/phpunit": "^7.0.3",
                "squizlabs/php_codesniffer": "^3.4"
            },
            "type": "library",
            "autoload": {
                "psr-4": {
                    "Firehed\\JWT\\": [
                        "src/",
                        "tests/"
                    ]
                }
            },
            "notification-url": "https://packagist.org/downloads/",
            "license": [
                "MIT"
            ],
            "authors": [
                {
                    "name": "Eric Stern",
                    "email": "eric@ericstern.com"
                }
            ],
            "description": "JSON Web Token tools",
            "time": "2020-03-22T18:07:32+00:00"
        },
        {
            "name": "firehed/security",
            "version": "1.0.3",
            "source": {
                "type": "git",
                "url": "https://github.com/Firehed/Security.git",
                "reference": "ff8ef13d53301079c2d47164767c2a336ac88b81"
            },
            "dist": {
                "type": "zip",
                "url": "https://api.github.com/repos/Firehed/Security/zipball/ff8ef13d53301079c2d47164767c2a336ac88b81",
                "reference": "ff8ef13d53301079c2d47164767c2a336ac88b81",
                "shasum": ""
            },
            "require": {
                "php": ">=7"
            },
            "require-dev": {
                "firehed/arctools": "^1",
                "phpunit/phpunit": "~5"
            },
            "suggest": {
                "paragonie/constant_time_encoding": "Contains a secure base32-encoder, useful for generating QRCodes for TOTP registration"
            },
            "type": "library",
            "autoload": {
                "psr-4": {
                    "Firehed\\Security\\": [
                        "src/",
                        "tests/"
                    ]
                },
                "files": [
                    "src/HOTP.php",
                    "src/TOTP.php"
                ]
            },
            "notification-url": "https://packagist.org/downloads/",
            "license": [
                "MIT"
            ],
            "authors": [
                {
                    "name": "Eric Stern",
                    "email": "eric@ericstern.com"
                }
            ],
            "description": "Security tools for PHP",
            "time": "2016-03-17T19:49:59+00:00"
        },
        {
            "name": "firehed/u2f",
            "version": "dev-webauthn",
            "source": {
                "type": "git",
                "url": "https://github.com/Firehed/u2f-php.git",
                "reference": "11938269597e158940ff6aea27e485455e55783f"
            },
            "dist": {
                "type": "zip",
                "url": "https://api.github.com/repos/Firehed/u2f-php/zipball/11938269597e158940ff6aea27e485455e55783f",
                "reference": "11938269597e158940ff6aea27e485455e55783f",
                "shasum": ""
            },
            "require": {
                "firehed/cbor": "dev-master",
                "php": ">=7.2"
            },
            "require-dev": {
                "php-coveralls/php-coveralls": "^2.0",
                "phpstan/phpstan": "^0.11",
                "phpstan/phpstan-phpunit": "^0.11.2",
                "phpunit/phpunit": "^8.0",
                "spatie/phpunit-watcher": "^1.8",
                "squizlabs/php_codesniffer": "^3.2"
            },
            "type": "library",
            "autoload": {
                "psr-4": {
                    "Firehed\\U2F\\": "src/"
                },
                "files": [
                    "src/functions.php"
                ]
            },
            "notification-url": "https://packagist.org/downloads/",
            "license": [
                "MIT"
            ],
            "authors": [
                {
                    "name": "Eric Stern",
                    "email": "eric@ericstern.com"
                }
            ],
            "description": "A library providing U2F authentication",
            "homepage": "https://github.com/Firehed/u2f-php",
            "keywords": [
                "Authentication",
                "MFA",
                "auth",
                "security",
                "u2f",
                "web authentication",
                "webauthentication",
                "webauthn",
                "yubico",
                "yubikey"
            ],
            "time": "2019-06-01T23:47:13+00:00"
        }
    ],
    "packages-dev": [],
    "aliases": [],
    "minimum-stability": "dev",
    "stability-flags": {
        "firehed/u2f": 20
    },
    "prefer-stable": true,
    "prefer-lowest": false,
    "platform": [],
    "platform-dev": []
}
